
Microsoft Visual Studio Solution File, Format Version 12.00
# Visual Studio Version 17
VisualStudioVersion = 17.4.33213.308
MinimumVisualStudioVersion = 10.0.40219.1
Project("{9A19103F-16F7-4668-BE54-9A1E7A4F7556}") = "PdfFileRenameFromContent", "PdfFileRenameFromContent\PdfFileRenameFromContent.csproj", "{7F7C09AD-A93D-4885-AD87-428831F33DA0}"
EndProject
Project("{9A19103F-16F7-4668-BE54-9A1E7A4F7556}") = "PdfFileRenameFromContent.Executable", "PdfFileRenameFromContent.Executable\PdfFileRenameFromContent.Executable.csproj", "{D214E682-4A2B-4174-9EBD-44075166A661}"
EndProject
Project("{FAE04EC0-301F-11D3-BF4B-00C04F79EFBC}") = "PdfFileRenameFromContent.Specific", "PdfFileRenameFromContent.Specific\PdfFileRenameFromContent.Specific.csproj", "{C2F0207A-24F2-4FB1-9CA1-1F42F42CF251}"
EndProject
Global
	GlobalSection(SolutionConfigurationPlatforms) = preSolution
		Debug|Any CPU = Debug|Any CPU
		Release|Any CPU = Release|Any CPU
	EndGlobalSection
	GlobalSection(ProjectConfigurationPlatforms) = postSolution
		{7F7C09AD-A93D-4885-AD87-428831F33DA0}.Debug|Any CPU.ActiveCfg = Debug|Any CPU
		{7F7C09AD-A93D-4885-AD87-428831F33DA0}.Debug|Any CPU.Build.0 = Debug|Any CPU
		{7F7C09AD-A93D-4885-AD87-428831F33DA0}.Release|Any CPU.ActiveCfg = Release|Any CPU
		{7F7C09AD-A93D-4885-AD87-428831F33DA0}.Release|Any CPU.Build.0 = Release|Any CPU
		{D214E682-4A2B-4174-9EBD-44075166A661}.Debug|Any CPU.ActiveCfg = Debug|Any CPU
		{D214E682-4A2B-4174-9EBD-44075166A661}.Debug|Any CPU.Build.0 = Debug|Any CPU
		{D214E682-4A2B-4174-9EBD-44075166A661}.Release|Any CPU.ActiveCfg = Release|Any CPU
		{D214E682-4A2B-4174-9EBD-44075166A661}.Release|Any CPU.Build.0 = Release|Any CPU
		{C2F0207A-24F2-4FB1-9CA1-1F42F42CF251}.Debug|Any CPU.ActiveCfg = Debug|Any CPU
		{C2F0207A-24F2-4FB1-9CA1-1F42F42CF251}.Debug|Any CPU.Build.0 = Debug|Any CPU
		{C2F0207A-24F2-4FB1-9CA1-1F42F42CF251}.Release|Any CPU.ActiveCfg = Release|Any CPU
		{C2F0207A-24F2-4FB1-9CA1-1F42F42CF251}.Release|Any CPU.Build.0 = Release|Any CPU
	EndGlobalSection
	GlobalSection(SolutionProperties) = preSolution
		HideSolutionNode = FALSE
	EndGlobalSection
	GlobalSection(ExtensibilityGlobals) = postSolution
		SolutionGuid = {81567784-BA31-43F2-95E6-1DA1A022F36D}
	EndGlobalSection
EndGlobal
